// !$*UTF8*$!
{
	archiveVersion = 1;
	classes = {
	};
	objectVersion = 77;
	objects = {

/* Begin PBXContainerItemProxy section */
		DB4E318C2E625410008AC4EA /* PBXContainerItemProxy */ = {
			isa = PBXContainerItemProxy;
			containerPortal = DB4E31762E62540E008AC4EA /* Project object */;
			proxyType = 1;
			remoteGlobalIDString = DB4E317D2E62540E008AC4EA;
			remoteInfo = RGBullsEye;
		};
		DB4E31962E625410008AC4EA /* PBXContainerItemProxy */ = {
			isa = PBXContainerItemProxy;
			containerPortal = DB4E31762E62540E008AC4EA /* Project object */;
			proxyType = 1;
			remoteGlobalIDString = DB4E317D2E62540E008AC4EA;
			remoteInfo = RGBullsEye;
		};
/* End PBXContainerItemProxy section */

/* Begin PBXFileReference section */
		DB4E317E2E62540F008AC4EA /* RGBullsEye.app */ = {isa = PBXFileReference; explicitFileType = wrapper.application; includeInIndex = 0; path = RGBullsEye.app; sourceTree = BUILT_PRODUCTS_DIR; };
		DB4E318B2E625410008AC4EA /* RGBullsEyeTests.xctest */ = {isa = PBXFileReference; explicitFileType = wrapper.cfbundle; includeInIndex = 0; path = RGBullsEyeTests.xctest; sourceTree = BUILT_PRODUCTS_DIR; };
		DB4E31952E625410008AC4EA /* RGBullsEyeUITests.xctest */ = {isa = PBXFileReference; explicitFileType = wrapper.cfbundle; includeInIndex = 0; path = RGBullsEyeUITests.xctest; sourceTree = BUILT_PRODUCTS_DIR; };
/* End PBXFileReference section */

/* Begin PBXFileSystemSynchronizedRootGroup section */
		DB4E31802E62540F008AC4EA /* RGBullsEye */ = {
			isa = PBXFileSystemSynchronizedRootGroup;
			path = RGBullsEye;
			sourceTree = "<group>";
		};
		DB4E318E2E625410008AC4EA /* RGBullsEyeTests */ = {
			isa = PBXFileSystemSynchronizedRootGroup;
			path = RGBullsEyeTests;
			sourceTree = "<group>";
		};
		DB4E31982E625410008AC4EA /* RGBullsEyeUITests */ = {
			isa = PBXFileSystemSynchronizedRootGroup;
			path = RGBullsEyeUITests;
			sourceTree = "<group>";
		};
/* End PBXFileSystemSynchronizedRootGroup section */

/* Begin PBXFrameworksBuildPhase section */
		DB4E317B2E62540E008AC4EA /* Frameworks */ = {
			isa = PBXFrameworksBuildPhase;
			buildActionMask = 2147483647;
			files = (
			);
			runOnlyForDeploymentPostprocessing = 0;
		};
		DB4E31882E625410008AC4EA /* Frameworks */ = {
			isa = PBXFrameworksBuildPhase;
			buildActionMask = 2147483647;
			files = (
			);
			runOnlyForDeploymentPostprocessing = 0;
		};
		DB4E31922E625410008AC4EA /* Frameworks */ = {
			isa = PBXFrameworksBuildPhase;
			buildActionMask = 2147483647;
			files = (
			);
			runOnlyForDeploymentPostprocessing = 0;
		};
/* End PBXFrameworksBuildPhase section */

/* Begin PBXGroup section */
		DB4E31752E62540E008AC4EA = {
			isa = PBXGroup;
			children = (
				DB4E31802E62540F008AC4EA /* RGBullsEye */,
				DB4E318E2E625410008AC4EA /* RGBullsEyeTests */,
				DB4E31982E625410008AC4EA /* RGBullsEyeUITests */,
				DB4E317F2E62540F008AC4EA /* Products */,
			);
			sourceTree = "<group>";
		};
		DB4E317F2E62540F008AC4EA /* Products */ = {
			isa = PBXGroup;
			children = (
				DB4E317E2E62540F008AC4EA /* RGBullsEye.app */,
				DB4E318B2E625410008AC4EA /* RGBullsEyeTests.xctest */,
				DB4E31952E625410008AC4EA /* RGBullsEyeUITests.xctest */,
			);
			name = Products;
			sourceTree = "<group>";
		};
/* End PBXGroup section */

/* Begin PBXNativeTarget section */
		DB4E317D2E62540E008AC4EA /* RGBullsEye */ = {
			isa = PBXNativeTarget;
			buildConfigurationList = DB4E319F2E625410008AC4EA /* Build configuration list for PBXNativeTarget "RGBullsEye" */;
			buildPhases = (
				DB4E317A2E62540E008AC4EA /* Sources */,
				DB4E317B2E62540E008AC4EA /* Frameworks */,
				DB4E317C2E62540E008AC4EA /* Resources */,
			);
			buildRules = (
			);
			dependencies = (
			);
			fileSystemSynchronizedGroups = (
				DB4E31802E62540F008AC4EA /* RGBullsEye */,
			);
			name = RGBullsEye;
			packageProductDependencies = (
			);
			productName = RGBullsEye;
			productReference = DB4E317E2E62540F008AC4EA /* RGBullsEye.app */;
			productType = "com.apple.product-type.application";
		};
		DB4E318A2E625410008AC4EA /* RGBullsEyeTests */ = {
			isa = PBXNativeTarget;
			buildConfigurationList = DB4E31A22E625410008AC4EA /* Build configuration list for PBXNativeTarget "RGBullsEyeTests" */;
			buildPhases = (
				DB4E31872E625410008AC4EA /* Sources */,
				DB4E31882E625410008AC4EA /* Frameworks */,
				DB4E31892E625410008AC4EA /* Resources */,
			);
			buildRules = (
			);
			dependencies = (
				DB4E318D2E625410008AC4EA /* PBXTargetDependency */,
			);
			fileSystemSynchronizedGroups = (
				DB4E318E2E625410008AC4EA /* RGBullsEyeTests */,
			);
			name = RGBullsEyeTests;
			packageProductDependencies = (
			);
			productName = RGBullsEyeTests;
			productReference = DB4E318B2E625410008AC4EA /* RGBullsEyeTests.xctest */;
			productType = "com.apple.product-type.bundle.unit-test";
		};
		DB4E31942E625410008AC4EA /* RGBullsEyeUITests */ = {
			isa = PBXNativeTarget;
			buildConfigurationList = DB4E31A52E625410008AC4EA /* Build configuration list for PBXNativeTarget "RGBullsEyeUITests" */;
			buildPhases = (
				DB4E31912E625410008AC4EA /* Sources */,
				DB4E31922E625410008AC4EA /* Frameworks */,
				DB4E31932E625410008AC4EA /* Resources */,
			);
			buildRules = (
			);
			dependencies = (
				DB4E31972E625410008AC4EA /* PBXTargetDependency */,
			);
			fileSystemSynchronizedGroups = (
				DB4E31982E625410008AC4EA /* RGBullsEyeUITests */,
			);
			name = RGBullsEyeUITests;
			packageProductDependencies = (
			);
			productName = RGBullsEyeUITests;
			productReference = DB4E31952E625410008AC4EA /* RGBullsEyeUITests.xctest */;
			productType = "com.apple.product-type.bundle.ui-testing";
		};
/* End PBXNativeTarget section */

/* Begin PBXProject section */
		DB4E31762E62540E008AC4EA /* Project object */ = {
			isa = PBXProject;
			attributes = {
				BuildIndependentTargetsInParallel = 1;
				LastSwiftUpdateCheck = 1640;
				LastUpgradeCheck = 1640;
				TargetAttributes = {
					DB4E317D2E62540E008AC4EA = {
						CreatedOnToolsVersion = 16.4;
					};
					DB4E318A2E625410008AC4EA = {
						CreatedOnToolsVersion = 16.4;
						TestTargetID = DB4E317D2E62540E008AC4EA;
					};
					DB4E31942E625410008AC4EA = {
						CreatedOnToolsVersion = 16.4;
						TestTargetID = DB4E317D2E62540E008AC4EA;
					};
				};
			};
			buildConfigurationList = DB4E31792E62540E008AC4EA /* Build configuration list for PBXProject "RGBullsEye" */;
			developmentRegion = en;
			hasScannedForEncodings = 0;
			knownRegions = (
				en,
				Base,
			);
			mainGroup = DB4E31752E62540E008AC4EA;
			minimizedProjectReferenceProxies = 1;
			preferredProjectObjectVersion = 77;
			productRefGroup = DB4E317F2E62540F008AC4EA /* Products */;
			projectDirPath = "";
			projectRoot = "";
			targets = (
				DB4E317D2E62540E008AC4EA /* RGBullsEye */,
				DB4E318A2E625410008AC4EA /* RGBullsEyeTests */,
				DB4E31942E625410008AC4EA /* RGBullsEyeUITests */,
			);
		};
/* End PBXProject section */

/* Begin PBXResourcesBuildPhase section */
		DB4E317C2E62540E008AC4EA /* Resources */ = {
			isa = PBXResourcesBuildPhase;
			buildActionMask = 2147483647;
			files = (
			);
			runOnlyForDeploymentPostprocessing = 0;
		};
		DB4E31892E625410008AC4EA /* Resources */ = {
			isa = PBXResourcesBuildPhase;
			buildActionMask = 2147483647;
			files = (
			);
			runOnlyForDeploymentPostprocessing = 0;
		};
		DB4E31932E625410008AC4EA /* Resources */ = {
			isa = PBXResourcesBuildPhase;
			buildActionMask = 2147483647;
			files = (
			);
			runOnlyForDeploymentPostprocessing = 0;
		};
/* End PBXResourcesBuildPhase section */

/* Begin PBXSourcesBuildPhase section */
		DB4E317A2E62540E008AC4EA /* Sources */ = {
			isa = PBXSourcesBuildPhase;
			buildActionMask = 2147483647;
			files = (
			);
			runOnlyForDeploymentPostprocessing = 0;
		};
		DB4E31872E625410008AC4EA /* Sources */ = {
			isa = PBXSourcesBuildPhase;
			buildActionMask = 2147483647;
			files = (
			);
			runOnlyForDeploymentPostprocessing = 0;
		};
		DB4E31912E625410008AC4EA /* Sources */ = {
			isa = PBXSourcesBuildPhase;
			buildActionMask = 2147483647;
			files = (
			);
			runOnlyForDeploymentPostprocessing = 0;
		};
/* End PBXSourcesBuildPhase section */

/* Begin PBXTargetDependency section */
		DB4E318D2E625410008AC4EA /* PBXTargetDependency */ = {
			isa = PBXTargetDependency;
			target = DB4E317D2E62540E008AC4EA /* RGBullsEye */;
			targetProxy = DB4E318C2E625410008AC4EA /* PBXContainerItemProxy */;
		};
		DB4E31972E625410008AC4EA /* PBXTargetDependency */ = {
			isa = PBXTargetDependency;
			target = DB4E317D2E62540E008AC4EA /* RGBullsEye */;
			targetProxy = DB4E31962E625410008AC4EA /* PBXContainerItemProxy */;
		};
/* End PBXTargetDependency section */

/* Begin XCBuildConfiguration section */
		DB4E319D2E625410008AC4EA /* Debug */ = {
			isa = XCBuildConfiguration;
			buildSettings = {
				ALWAYS_SEARCH_USER_PATHS = NO;
				ASSETCATALOG_COMPILER_GENERATE_SWIFT_ASSET_SYMBOL_EXTENSIONS = YES;
				CLANG_ANALYZER_NONNULL = YES;
				CLANG_ANALYZER_NUMBER_OBJECT_CONVERSION = YES_AGGRESSIVE;
				CLANG_CXX_LANGUAGE_STANDARD = "gnu++20";
				CLANG_ENABLE_MODULES = YES;
				CLANG_ENABLE_OBJC_ARC = YES;
				CLANG_ENABLE_OBJC_WEAK = YES;
				CLANG_WARN_BLOCK_CAPTURE_AUTORELEASING = YES;
				CLANG_WARN_BOOL_CONVERSION = YES;
				CLANG_WARN_COMMA = YES;
				CLANG_WARN_CONSTANT_CONVERSION = YES;
				CLANG_WARN_DEPRECATED_OBJC_IMPLEMENTATIONS = YES;
				CLANG_WARN_DIRECT_OBJC_ISA_USAGE = YES_ERROR;
				CLANG_WARN_DOCUMENTATION_COMMENTS = YES;
				CLANG_WARN_EMPTY_BODY = YES;
				CLANG_WARN_ENUM_CONVERSION = YES;
				CLANG_WARN_INFINITE_RECURSION = YES;
				CLANG_WARN_INT_CONVERSION = YES;
				CLANG_WARN_NON_LITERAL_NULL_CONVERSION = YES;
				CLANG_WARN_OBJC_IMPLICIT_RETAIN_SELF = YES;
				CLANG_WARN_OBJC_LITERAL_CONVERSION = YES;
				CLANG_WARN_OBJC_ROOT_CLASS = YES_ERROR;
				CLANG_WARN_QUOTED_INCLUDE_IN_FRAMEWORK_HEADER = YES;
				CLANG_WARN_RANGE_LOOP_ANALYSIS = YES;
				CLANG_WARN_STRICT_PROTOTYPES = YES;
				CLANG_WARN_SUSPICIOUS_MOVE = YES;
				CLANG_WARN_UNGUARDED_AVAILABILITY = YES_AGGRESSIVE;
				CLANG_WARN_UNREACHABLE_CODE = YES;
				CLANG_WARN__DUPLICATE_METHOD_MATCH = YES;
				COPY_PHASE_STRIP = NO;
				DEBUG_INFORMATION_FORMAT = dwarf;
				DEVELOPMENT_TEAM = 2L9L899V66;
				ENABLE_STRICT_OBJC_MSGSEND = YES;
				ENABLE_TESTABILITY = YES;
				ENABLE_USER_SCRIPT_SANDBOXING = YES;
				GCC_C_LANGUAGE_STANDARD = gnu17;
				GCC_DYNAMIC_NO_PIC = NO;
				GCC_NO_COMMON_BLOCKS = YES;
				GCC_OPTIMIZATION_LEVEL = 0;
				GCC_PREPROCESSOR_DEFINITIONS = (
					"DEBUG=1",
					"$(inherited)",
				);
				GCC_WARN_64_TO_32_BIT_CONVERSION = YES;
				GCC_WARN_ABOUT_RETURN_TYPE = YES_ERROR;
				GCC_WARN_UNDECLARED_SELECTOR = YES;
				GCC_WARN_UNINITIALIZED_AUTOS = YES_AGGRESSIVE;
				GCC_WARN_UNUSED_FUNCTION = YES;
				GCC_WARN_UNUSED_VARIABLE = YES;
				IPHONEOS_DEPLOYMENT_TARGET = 18.5;
				LOCALIZATION_PREFERS_STRING_CATALOGS = YES;
				MTL_ENABLE_DEBUG_INFO = INCLUDE_SOURCE;
				MTL_FAST_MATH = YES;
				ONLY_ACTIVE_ARCH = YES;
				SDKROOT = iphoneos;
				SWIFT_ACTIVE_COMPILATION_CONDITIONS = "DEBUG $(inherited)";
				SWIFT_OPTIMIZATION_LEVEL = "-Onone";
			};
			name = Debug;
		};
		DB4E319E2E625410008AC4EA /* Release */ = {
			isa = XCBuildConfiguration;
			buildSettings = {
				ALWAYS_SEARCH_USER_PATHS = NO;
				ASSETCATALOG_COMPILER_GENERATE_SWIFT_ASSET_SYMBOL_EXTENSIONS = YES;
				CLANG_ANALYZER_NONNULL = YES;
				CLANG_ANALYZER_NUMBER_OBJECT_CONVERSION = YES_AGGRESSIVE;
				CLANG_CXX_LANGUAGE_STANDARD = "gnu++20";
				CLANG_ENABLE_MODULES = YES;
				CLANG_ENABLE_OBJC_ARC = YES;
				CLANG_ENABLE_OBJC_WEAK = YES;
				CLANG_WARN_BLOCK_CAPTURE_AUTORELEASING = YES;
				CLANG_WARN_BOOL_CONVERSION = YES;
				CLANG_WARN_COMMA = YES;
				CLANG_WARN_CONSTANT_CONVERSION = YES;
				CLANG_WARN_DEPRECATED_OBJC_IMPLEMENTATIONS = YES;
				CLANG_WARN_DIRECT_OBJC_ISA_USAGE = YES_ERROR;
				CLANG_WARN_DOCUMENTATION_COMMENTS = YES;
				CLANG_WARN_EMPTY_BODY = YES;
				CLANG_WARN_ENUM_CONVERSION = YES;
				CLANG_WARN_INFINITE_RECURSION = YES;
				CLANG_WARN_INT_CONVERSION = YES;
				CLANG_WARN_NON_LITERAL_NULL_CONVERSION = YES;
				CLANG_WARN_OBJC_IMPLICIT_RETAIN_SELF = YES;
				CLANG_WARN_OBJC_LITERAL_CONVERSION = YES;
				CLANG_WARN_OBJC_ROOT_CLASS = YES_ERROR;
				CLANG_WARN_QUOTED_INCLUDE_IN_FRAMEWORK_HEADER = YES;
				CLANG_WARN_RANGE_LOOP_ANALYSIS = YES;
				CLANG_WARN_STRICT_PROTOTYPES = YES;
				CLANG_WARN_SUSPICIOUS_MOVE = YES;
				CLANG_WARN_UNGUARDED_AVAILABILITY = YES_AGGRESSIVE;
				CLANG_WARN_UNREACHABLE_CODE = YES;
				CLANG_WARN__DUPLICATE_METHOD_MATCH = YES;
				COPY_PHASE_STRIP = NO;
				DEBUG_INFORMATION_FORMAT = "dwarf-with-dsym";
				DEVELOPMENT_TEAM = 2L9L899V66;
				ENABLE_NS_ASSERTIONS = NO;
				ENABLE_STRICT_OBJC_MSGSEND = YES;
				ENABLE_USER_SCRIPT_SANDBOXING = YES;
				GCC_C_LANGUAGE_STANDARD = gnu17;
				GCC_NO_COMMON_BLOCKS = YES;
				GCC_WARN_64_TO_32_BIT_CONVERSION = YES;
				GCC_WARN_ABOUT_RETURN_TYPE = YES_ERROR;
				GCC_WARN_UNDECLARED_SELECTOR = YES;
				GCC_WARN_UNINITIALIZED_AUTOS = YES_AGGRESSIVE;
				GCC_WARN_UNUSED_FUNCTION = YES;
				GCC_WARN_UNUSED_VARIABLE = YES;
				IPHONEOS_DEPLOYMENT_TARGET = 18.5;
				LOCALIZATION_PREFERS_STRING_CATALOGS = YES;
				MTL_ENABLE_DEBUG_INFO = NO;
				MTL_FAST_MATH = YES;
				SDKROOT = iphoneos;
				SWIFT_COMPILATION_MODE = wholemodule;
				VALIDATE_PRODUCT = YES;
			};
			name = Release;
		};
		DB4E31A02E625410008AC4EA /* Debug */ = {
			isa = XCBuildConfiguration;
			buildSettings = {
				ASSETCATALOG_COMPILER_APPICON_NAME = AppIcon;
				ASSETCATALOG_COMPILER_GLOBAL_ACCENT_COLOR_NAME = AccentColor;
				CODE_SIGN_STYLE = Automatic;
				CURRENT_PROJECT_VERSION = 1;
				DEVELOPMENT_TEAM = 2L9L899V66;
				ENABLE_PREVIEWS = YES;
				GENERATE_INFOPLIST_FILE = YES;
				INFOPLIST_KEY_UIApplicationSceneManifest_Generation = YES;
				INFOPLIST_KEY_UIApplicationSupportsIndirectInputEvents = YES;
				INFOPLIST_KEY_UILaunchScreen_Generation = YES;
				INFOPLIST_KEY_UISupportedInterfaceOrientations_iPad = "UIInterfaceOrientationPortrait UIInterfaceOrientationPortraitUpsideDown UIInterfaceOrientationLandscapeLeft UIInterfaceOrientationLandscapeRight";
				INFOPLIST_KEY_UISupportedInterfaceOrientations_iPhone = "UIInterfaceOrientationPortrait UIInterfaceOrientationLandscapeLeft UIInterfaceOrientationLandscapeRight";
				LD_RUNPATH_SEARCH_PATHS = (
					"$(inherited)",
					"@executable_path/Frameworks",
				);
				MARKETING_VERSION = 1.0;
				PRODUCT_BUNDLE_IDENTIFIER = com.memtarhan.RGBullsEye;
				PRODUCT_NAME = "$(TARGET_NAME)";
				SWIFT_EMIT_LOC_STRINGS = YES;
				SWIFT_VERSION = 5.0;
				TARGETED_DEVICE_FAMILY = "1,2";
			};
			name = Debug;
		};
		DB4E31A12E625410008AC4EA /* Release */ = {
			isa = XCBuildConfiguration;
			buildSettings = {
				ASSETCATALOG_COMPILER_APPICON_NAME = AppIcon;
				ASSETCATALOG_COMPILER_GLOBAL_ACCENT_COLOR_NAME = AccentColor;
				CODE_SIGN_STYLE = Automatic;
				CURRENT_PROJECT_VERSION = 1;
				DEVELOPMENT_TEAM = 2L9L899V66;
				ENABLE_PREVIEWS = YES;
				GENERATE_INFOPLIST_FILE = YES;
				INFOPLIST_KEY_UIApplicationSceneManifest_Generation = YES;
				INFOPLIST_KEY_UIApplicationSupportsIndirectInputEvents = YES;
				INFOPLIST_KEY_UILaunchScreen_Generation = YES;
				INFOPLIST_KEY_UISupportedInterfaceOrientations_iPad = "UIInterfaceOrientationPortrait UIInterfaceOrientationPortraitUpsideDown UIInterfaceOrientationLandscapeLeft UIInterfaceOrientationLandscapeRight";
				INFOPLIST_KEY_UISupportedInterfaceOrientations_iPhone = "UIInterfaceOrientationPortrait UIInterfaceOrientationLandscapeLeft UIInterfaceOrientationLandscapeRight";
				LD_RUNPATH_SEARCH_PATHS = (
					"$(inherited)",
					"@executable_path/Frameworks",
				);
				MARKETING_VERSION = 1.0;
				PRODUCT_BUNDLE_IDENTIFIER = com.memtarhan.RGBullsEye;
				PRODUCT_NAME = "$(TARGET_NAME)";
				SWIFT_EMIT_LOC_STRINGS = YES;
				SWIFT_VERSION = 5.0;
				TARGETED_DEVICE_FAMILY = "1,2";
			};
			name = Release;
		};
		DB4E31A32E625410008AC4EA /* Debug */ = {
			isa = XCBuildConfiguration;
			buildSettings = {
				BUNDLE_LOADER = "$(TEST_HOST)";
				CODE_SIGN_STYLE = Automatic;
				CURRENT_PROJECT_VERSION = 1;
				DEVELOPMENT_TEAM = 2L9L899V66;
				GENERATE_INFOPLIST_FILE = YES;
				IPHONEOS_DEPLOYMENT_TARGET = 18.5;
				MARKETING_VERSION = 1.0;
				PRODUCT_BUNDLE_IDENTIFIER = com.memtarhan.RGBullsEyeTests;
				PRODUCT_NAME = "$(TARGET_NAME)";
				SWIFT_EMIT_LOC_STRINGS = NO;
				SWIFT_VERSION = 5.0;
				TARGETED_DEVICE_FAMILY = "1,2";
				TEST_HOST = "$(BUILT_PRODUCTS_DIR)/RGBullsEye.app/$(BUNDLE_EXECUTABLE_FOLDER_PATH)/RGBullsEye";
			};
			name = Debug;
		};
		DB4E31A42E625410008AC4EA /* Release */ = {
			isa = XCBuildConfiguration;
			buildSettings = {
				BUNDLE_LOADER = "$(TEST_HOST)";
				CODE_SIGN_STYLE = Automatic;
				CURRENT_PROJECT_VERSION = 1;
				DEVELOPMENT_TEAM = 2L9L899V66;
				GENERATE_INFOPLIST_FILE = YES;
				IPHONEOS_DEPLOYMENT_TARGET = 18.5;
				MARKETING_VERSION = 1.0;
				PRODUCT_BUNDLE_IDENTIFIER = com.memtarhan.RGBullsEyeTests;
				PRODUCT_NAME = "$(TARGET_NAME)";
				SWIFT_EMIT_LOC_STRINGS = NO;
				SWIFT_VERSION = 5.0;
				TARGETED_DEVICE_FAMILY = "1,2";
				TEST_HOST = "$(BUILT_PRODUCTS_DIR)/RGBullsEye.app/$(BUNDLE_EXECUTABLE_FOLDER_PATH)/RGBullsEye";
			};
			name = Release;
		};
		DB4E31A62E625410008AC4EA /* Debug */ = {
			isa = XCBuildConfiguration;
			buildSettings = {
				CODE_SIGN_STYLE = Automatic;
				CURRENT_PROJECT_VERSION = 1;
				DEVELOPMENT_TEAM = 2L9L899V66;
				GENERATE_INFOPLIST_FILE = YES;
				MARKETING_VERSION = 1.0;
				PRODUCT_BUNDLE_IDENTIFIER = com.memtarhan.RGBullsEyeUITests;
				PRODUCT_NAME = "$(TARGET_NAME)";
				SWIFT_EMIT_LOC_STRINGS = NO;
				SWIFT_VERSION = 5.0;
				TARGETED_DEVICE_FAMILY = "1,2";
				TEST_TARGET_NAME = RGBullsEye;
			};
			name = Debug;
		};
		DB4E31A72E625410008AC4EA /* Release */ = {
			isa = XCBuildConfiguration;
			buildSettings = {
				CODE_SIGN_STYLE = Automatic;
				CURRENT_PROJECT_VERSION = 1;
				DEVELOPMENT_TEAM = 2L9L899V66;
				GENERATE_INFOPLIST_FILE = YES;
				MARKETING_VERSION = 1.0;
				PRODUCT_BUNDLE_IDENTIFIER = com.memtarhan.RGBullsEyeUITests;
				PRODUCT_NAME = "$(TARGET_NAME)";
				SWIFT_EMIT_LOC_STRINGS = NO;
				SWIFT_VERSION = 5.0;
				TARGETED_DEVICE_FAMILY = "1,2";
				TEST_TARGET_NAME = RGBullsEye;
			};
			name = Release;
		};
/* End XCBuildConfiguration section */

/* Begin XCConfigurationList section */
		DB4E31792E62540E008AC4EA /* Build configuration list for PBXProject "RGBullsEye" */ = {
			isa = XCConfigurationList;
			buildConfigurations = (
				DB4E319D2E625410008AC4EA /* Debug */,
				DB4E319E2E625410008AC4EA /* Release */,
			);
			defaultConfigurationIsVisible = 0;
			defaultConfigurationName = Release;
		};
		DB4E319F2E625410008AC4EA /* Build configuration list for PBXNativeTarget "RGBullsEye" */ = {
			isa = XCConfigurationList;
			buildConfigurations = (
				DB4E31A02E625410008AC4EA /* Debug */,
				DB4E31A12E625410008AC4EA /* Release */,
			);
			defaultConfigurationIsVisible = 0;
			defaultConfigurationName = Release;
		};
		DB4E31A22E625410008AC4EA /* Build configuration list for PBXNativeTarget "RGBullsEyeTests" */ = {
			isa = XCConfigurationList;
			buildConfigurations = (
				DB4E31A32E625410008AC4EA /* Debug */,
				DB4E31A42E625410008AC4EA /* Release */,
			);
			defaultConfigurationIsVisible = 0;
			defaultConfigurationName = Release;
		};
		DB4E31A52E625410008AC4EA /* Build configuration list for PBXNativeTarget "RGBullsEyeUITests" */ = {
			isa = XCConfigurationList;
			buildConfigurations = (
				DB4E31A62E625410008AC4EA /* Debug */,
				DB4E31A72E625410008AC4EA /* Release */,
			);
			defaultConfigurationIsVisible = 0;
			defaultConfigurationName = Release;
		};
/* End XCConfigurationList section */
	};
	rootObject = DB4E31762E62540E008AC4EA /* Project object */;
}
